# This file is automatically @generated by Poetry 2.1.3 and should not be changed by hand.

[[package]]
name = "polars"
version = "1.32.1"
description = "Blazingly fast DataFrame library"
optional = false
python-versions = ">=3.9"
groups = ["main"]
files = [
    {file = "polars-1.32.1-cp39-abi3-macosx_10_12_x86_64.whl", hash = "sha256:e28f3f3f1f8984a0865edc432735bf70f69a8395aaeb7dd1139e377ea3744cc3"},
    {file = "polars-1.32.1-cp39-abi3-macosx_11_0_arm64.whl", hash = "sha256:0584ecf34a1e4ae96646f7dce1331b8a913747a75304f0fe2244387491359afe"},
    {file = "polars-1.32.1-cp39-abi3-manylinux_2_17_x86_64.manylinux2014_x86_64.whl", hash = "sha256:426b86325a47694ca1d91094ecf2ba98b9c29025a37e6372086b51837bffb8ef"},
    {file = "polars-1.32.1-cp39-abi3-manylinux_2_24_aarch64.whl", hash = "sha256:91f8c3625eea2554b4c01efa0a342cbf99352166ee38ae4c81c6af26b10c2801"},
    {file = "polars-1.32.1-cp39-abi3-win_amd64.whl", hash = "sha256:20d62813725c47b8f794f25d523ddad69803de9f21b958fa660296bab2db005f"},
    {file = "polars-1.32.1-cp39-abi3-win_arm64.whl", hash = "sha256:99d54793035caf5e3d338ba7c1e636a2f896c527b9c4c8ae8e08e5213a9a287b"},
    {file = "polars-1.32.1.tar.gz", hash = "sha256:89a60477e74b3a3ecd341bd533a181ec5fb4dacba233b45f33e7cdf0d1349a96"},
]

[package.extras]
adbc = ["adbc-driver-manager[dbapi]", "adbc-driver-sqlite[dbapi]"]
all = ["polars[async,cloudpickle,database,deltalake,excel,fsspec,graph,iceberg,numpy,pandas,plot,pyarrow,pydantic,style,timezone]"]
async = ["gevent"]
calamine = ["fastexcel (>=0.9)"]
cloudpickle = ["cloudpickle"]
connectorx = ["connectorx (>=0.3.2)"]
database = ["polars[adbc,connectorx,sqlalchemy]"]
deltalake = ["deltalake (>=1.0.0)"]
excel = ["polars[calamine,openpyxl,xlsx2csv,xlsxwriter]"]
fsspec = ["fsspec"]
gpu = ["cudf-polars-cu12"]
graph = ["matplotlib"]
iceberg = ["pyiceberg (>=0.7.1)"]
numpy = ["numpy (>=1.16.0)"]
openpyxl = ["openpyxl (>=3.0.0)"]
pandas = ["pandas", "polars[pyarrow]"]
plot = ["altair (>=5.4.0)"]
polars-cloud = ["polars-cloud (>=0.0.1a1)"]
pyarrow = ["pyarrow (>=7.0.0)"]
pydantic = ["pydantic"]
sqlalchemy = ["polars[pandas]", "sqlalchemy"]
style = ["great-tables (>=0.8.0)"]
timezone = ["tzdata ; platform_system == \"Windows\""]
xlsx2csv = ["xlsx2csv (>=0.8.0)"]
xlsxwriter = ["xlsxwriter"]

[metadata]
lock-version = "2.1"
python-versions = ">=3.12"
content-hash = "30f3205ae115a85895ca974a2efdd2b0edc09d93e9d734e7fbe6fdbf491de325"
